// !$*UTF8*$!
{
	archiveVersion = 1;
	classes = {
	};
	objectVersion = 46;
	objects = {

/* Begin PBXBuildFile section */
		1F72019D1D7AF70E005A5F17 /* AppDelegate.swift in Sources */ = {isa = PBXBuildFile; fileRef = 1F72019C1D7AF70E005A5F17 /* AppDelegate.swift */; };
		1F72019F1D7AF70E005A5F17 /* ViewController.swift in Sources */ = {isa = PBXBuildFile; fileRef = 1F72019E1D7AF70E005A5F17 /* ViewController.swift */; };
		1F7201A21D7AF70E005A5F17 /* Main.storyboard in Resources */ = {isa = PBXBuildFile; fileRef = 1F7201A01D7AF70E005A5F17 /* Main.storyboard */; };
		1F7201A41D7AF70E005A5F17 /* Assets.xcassets in Resources */ = {isa = PBXBuildFile; fileRef = 1F7201A31D7AF70E005A5F17 /* Assets.xcassets */; };
		1F7201A71D7AF70E005A5F17 /* LaunchScreen.storyboard in Resources */ = {isa = PBXBuildFile; fileRef = 1F7201A51D7AF70E005A5F17 /* LaunchScreen.storyboard */; };
		1F7201B21D7AF70F005A5F17 /* CustomizedViewUsingXibTests.swift in Sources */ = {isa = PBXBuildFile; fileRef = 1F7201B11D7AF70F005A5F17 /* CustomizedViewUsingXibTests.swift */; };
		1F7201BD1D7AF73E005A5F17 /* NavigationControl.xib in Resources */ = {isa = PBXBuildFile; fileRef = 1F7201BC1D7AF73E005A5F17 /* NavigationControl.xib */; };
		1F7201BF1D7AF7BD005A5F17 /* NavigationControl.swift in Sources */ = {isa = PBXBuildFile; fileRef = 1F7201BE1D7AF7BD005A5F17 /* NavigationControl.swift */; };
		1F7201C11D7AFF4D005A5F17 /* IBDesignableView.swift in Sources */ = {isa = PBXBuildFile; fileRef = 1F7201C01D7AFF4D005A5F17 /* IBDesignableView.swift */; };
		1F7201C31D7B0DEC005A5F17 /* Readme.md in Sources */ = {isa = PBXBuildFile; fileRef = 1F7201C21D7B0DEC005A5F17 /* Readme.md */; };
/* End PBXBuildFile section */

/* Begin PBXContainerItemProxy section */
		1F7201AE1D7AF70F005A5F17 /* PBXContainerItemProxy */ = {
			isa = PBXContainerItemProxy;
			containerPortal = 1F7201911D7AF70E005A5F17 /* Project object */;
			proxyType = 1;
			remoteGlobalIDString = 1F7201981D7AF70E005A5F17;
			remoteInfo = CustomizedViewUsingXib;
		};
/* End PBXContainerItemProxy section */

/* Begin PBXFileReference section */
		1F7201991D7AF70E005A5F17 /* CustomizedViewUsingXib.app */ = {isa = PBXFileReference; explicitFileType = wrapper.application; includeInIndex = 0; path = CustomizedViewUsingXib.app; sourceTree = BUILT_PRODUCTS_DIR; };
		1F72019C1D7AF70E005A5F17 /* AppDelegate.swift */ = {isa = PBXFileReference; lastKnownFileType = sourcecode.swift; path = AppDelegate.swift; sourceTree = "<group>"; };
		1F72019E1D7AF70E005A5F17 /* ViewController.swift */ = {isa = PBXFileReference; lastKnownFileType = sourcecode.swift; path = ViewController.swift; sourceTree = "<group>"; };
		1F7201A11D7AF70E005A5F17 /* Base */ = {isa = PBXFileReference; lastKnownFileType = file.storyboard; name = Base; path = Base.lproj/Main.storyboard; sourceTree = "<group>"; };
		1F7201A31D7AF70E005A5F17 /* Assets.xcassets */ = {isa = PBXFileReference; lastKnownFileType = folder.assetcatalog; path = Assets.xcassets; sourceTree = "<group>"; };
		1F7201A61D7AF70E005A5F17 /* Base */ = {isa = PBXFileReference; lastKnownFileType = file.storyboard; name = Base; path = Base.lproj/LaunchScreen.storyboard; sourceTree = "<group>"; };
		1F7201A81D7AF70E005A5F17 /* Info.plist */ = {isa = PBXFileReference; lastKnownFileType = text.plist.xml; path = Info.plist; sourceTree = "<group>"; };
		1F7201AD1D7AF70F005A5F17 /* CustomizedViewUsingXibTests.xctest */ = {isa = PBXFileReference; explicitFileType = wrapper.cfbundle; includeInIndex = 0; path = CustomizedViewUsingXibTests.xctest; sourceTree = BUILT_PRODUCTS_DIR; };
		1F7201B11D7AF70F005A5F17 /* CustomizedViewUsingXibTests.swift */ = {isa = PBXFileReference; lastKnownFileType = sourcecode.swift; path = CustomizedViewUsingXibTests.swift; sourceTree = "<group>"; };
		1F7201B31D7AF70F005A5F17 /* Info.plist */ = {isa = PBXFileReference; lastKnownFileType = text.plist.xml; path = Info.plist; sourceTree = "<group>"; };
		1F7201BC1D7AF73E005A5F17 /* NavigationControl.xib */ = {isa = PBXFileReference; fileEncoding = 4; lastKnownFileType = file.xib; path = NavigationControl.xib; sourceTree = "<group>"; };
		1F7201BE1D7AF7BD005A5F17 /* NavigationControl.swift */ = {isa = PBXFileReference; fileEncoding = 4; lastKnownFileType = sourcecode.swift; path = NavigationControl.swift; sourceTree = "<group>"; };
		1F7201C01D7AFF4D005A5F17 /* IBDesignableView.swift */ = {isa = PBXFileReference; fileEncoding = 4; lastKnownFileType = sourcecode.swift; path = IBDesignableView.swift; sourceTree = "<group>"; };
		1F7201C21D7B0DEC005A5F17 /* Readme.md */ = {isa = PBXFileReference; fileEncoding = 4; lastKnownFileType = net.daringfireball.markdown; path = Readme.md; sourceTree = "<group>"; };
/* End PBXFileReference section */

/* Begin PBXFrameworksBuildPhase section */
		1F7201961D7AF70E005A5F17 /* Frameworks */ = {
			isa = PBXFrameworksBuildPhase;
			buildActionMask = 2147483647;
			files = (
			);
			runOnlyForDeploymentPostprocessing = 0;
		};
		1F7201AA1D7AF70F005A5F17 /* Frameworks */ = {
			isa = PBXFrameworksBuildPhase;
			buildActionMask = 2147483647;
			files = (
			);
			runOnlyForDeploymentPostprocessing = 0;
		};
/* End PBXFrameworksBuildPhase section */

/* Begin PBXGroup section */
		1F7201901D7AF70E005A5F17 = {
			isa = PBXGroup;
			children = (
				1F72019B1D7AF70E005A5F17 /* CustomizedViewUsingXib */,
				1F7201B01D7AF70F005A5F17 /* CustomizedViewUsingXibTests */,
				1F72019A1D7AF70E005A5F17 /* Products */,
			);
			sourceTree = "<group>";
		};
		1F72019A1D7AF70E005A5F17 /* Products */ = {
			isa = PBXGroup;
			children = (
				1F7201991D7AF70E005A5F17 /* CustomizedViewUsingXib.app */,
				1F7201AD1D7AF70F005A5F17 /* CustomizedViewUsingXibTests.xctest */,
			);
			name = Products;
			sourceTree = "<group>";
		};
		1F72019B1D7AF70E005A5F17 /* CustomizedViewUsingXib */ = {
			isa = PBXGroup;
			children = (
				1F72019C1D7AF70E005A5F17 /* AppDelegate.swift */,
				1F72019E1D7AF70E005A5F17 /* ViewController.swift */,
				1F7201A01D7AF70E005A5F17 /* Main.storyboard */,
				1F7201A31D7AF70E005A5F17 /* Assets.xcassets */,
				1F7201A51D7AF70E005A5F17 /* LaunchScreen.storyboard */,
				1F7201A81D7AF70E005A5F17 /* Info.plist */,
				1F7201BC1D7AF73E005A5F17 /* NavigationControl.xib */,
				1F7201BE1D7AF7BD005A5F17 /* NavigationControl.swift */,
				1F7201C01D7AFF4D005A5F17 /* IBDesignableView.swift */,
				1F7201C21D7B0DEC005A5F17 /* Readme.md */,
			);
			path = CustomizedViewUsingXib;
			sourceTree = "<group>";
		};
		1F7201B01D7AF70F005A5F17 /* CustomizedViewUsingXibTests */ = {
			isa = PBXGroup;
			children = (
				1F7201B11D7AF70F005A5F17 /* CustomizedViewUsingXibTests.swift */,
				1F7201B31D7AF70F005A5F17 /* Info.plist */,
			);
			path = CustomizedViewUsingXibTests;
			sourceTree = "<group>";
		};
/* End PBXGroup section */

/* Begin PBXNativeTarget section */
		1F7201981D7AF70E005A5F17 /* CustomizedViewUsingXib */ = {
			isa = PBXNativeTarget;
			buildConfigurationList = 1F7201B61D7AF70F005A5F17 /* Build configuration list for PBXNativeTarget "CustomizedViewUsingXib" */;
			buildPhases = (
				1F7201951D7AF70E005A5F17 /* Sources */,
				1F7201961D7AF70E005A5F17 /* Frameworks */,
				1F7201971D7AF70E005A5F17 /* Resources */,
			);
			buildRules = (
			);
			dependencies = (
			);
			name = CustomizedViewUsingXib;
			productName = CustomizedViewUsingXib;
			productReference = 1F7201991D7AF70E005A5F17 /* CustomizedViewUsingXib.app */;
			productType = "com.apple.product-type.application";
		};
		1F7201AC1D7AF70F005A5F17 /* CustomizedViewUsingXibTests */ = {
			isa = PBXNativeTarget;
			buildConfigurationList = 1F7201B91D7AF70F005A5F17 /* Build configuration list for PBXNativeTarget "CustomizedViewUsingXibTests" */;
			buildPhases = (
				1F7201A91D7AF70F005A5F17 /* Sources */,
				1F7201AA1D7AF70F005A5F17 /* Frameworks */,
				1F7201AB1D7AF70F005A5F17 /* Resources */,
			);
			buildRules = (
			);
			dependencies = (
				1F7201AF1D7AF70F005A5F17 /* PBXTargetDependency */,
			);
			name = CustomizedViewUsingXibTests;
			productName = CustomizedViewUsingXibTests;
			productReference = 1F7201AD1D7AF70F005A5F17 /* CustomizedViewUsingXibTests.xctest */;
			productType = "com.apple.product-type.bundle.unit-test";
		};
/* End PBXNativeTarget section */

/* Begin PBXProject section */
		1F7201911D7AF70E005A5F17 /* Project object */ = {
			isa = PBXProject;
			attributes = {
				LastSwiftUpdateCheck = 0730;
				LastUpgradeCheck = 0730;
				ORGANIZATIONNAME = "Bruce Li";
				TargetAttributes = {
					1F7201981D7AF70E005A5F17 = {
						CreatedOnToolsVersion = 7.3.1;
					};
					1F7201AC1D7AF70F005A5F17 = {
						CreatedOnToolsVersion = 7.3.1;
						TestTargetID = 1F7201981D7AF70E005A5F17;
					};
				};
			};
			buildConfigurationList = 1F7201941D7AF70E005A5F17 /* Build configuration list for PBXProject "CustomizedViewUsingXib" */;
			compatibilityVersion = "Xcode 3.2";
			developmentRegion = English;
			hasScannedForEncodings = 0;
			knownRegions = (
				en,
				Base,
			);
			mainGroup = 1F7201901D7AF70E005A5F17;
			productRefGroup = 1F72019A1D7AF70E005A5F17 /* Products */;
			projectDirPath = "";
			projectRoot = "";
			targets = (
				1F7201981D7AF70E005A5F17 /* CustomizedViewUsingXib */,
				1F7201AC1D7AF70F005A5F17 /* CustomizedViewUsingXibTests */,
			);
		};
/* End PBXProject section */

/* Begin PBXResourcesBuildPhase section */
		1F7201971D7AF70E005A5F17 /* Resources */ = {
			isa = PBXResourcesBuildPhase;
			buildActionMask = 2147483647;
			files = (
				1F7201A71D7AF70E005A5F17 /* LaunchScreen.storyboard in Resources */,
				1F7201A41D7AF70E005A5F17 /* Assets.xcassets in Resources */,
				1F7201A21D7AF70E005A5F17 /* Main.storyboard in Resources */,
				1F7201BD1D7AF73E005A5F17 /* NavigationControl.xib in Resources */,
			);
			runOnlyForDeploymentPostprocessing = 0;
		};
		1F7201AB1D7AF70F005A5F17 /* Resources */ = {
			isa = PBXResourcesBuildPhase;
			buildActionMask = 2147483647;
			files = (
			);
			runOnlyForDeploymentPostprocessing = 0;
		};
/* End PBXResourcesBuildPhase section */

/* Begin PBXSourcesBuildPhase section */
		1F7201951D7AF70E005A5F17 /* Sources */ = {
			isa = PBXSourcesBuildPhase;
			buildActionMask = 2147483647;
			files = (
				1F7201C31D7B0DEC005A5F17 /* Readme.md in Sources */,
				1F7201C11D7AFF4D005A5F17 /* IBDesignableView.swift in Sources */,
				1F72019F1D7AF70E005A5F17 /* ViewController.swift in Sources */,
				1F72019D1D7AF70E005A5F17 /* AppDelegate.swift in Sources */,
				1F7201BF1D7AF7BD005A5F17 /* NavigationControl.swift in Sources */,
			);
			runOnlyForDeploymentPostprocessing = 0;
		};
		1F7201A91D7AF70F005A5F17 /* Sources */ = {
			isa = PBXSourcesBuildPhase;
			buildActionMask = 2147483647;
			files = (
				1F7201B21D7AF70F005A5F17 /* CustomizedViewUsingXibTests.swift in Sources */,
			);
			runOnlyForDeploymentPostprocessing = 0;
		};
/* End PBXSourcesBuildPhase section */

/* Begin PBXTargetDependency section */
		1F7201AF1D7AF70F005A5F17 /* PBXTargetDependency */ = {
			isa = PBXTargetDependency;
			target = 1F7201981D7AF70E005A5F17 /* CustomizedViewUsingXib */;
			targetProxy = 1F7201AE1D7AF70F005A5F17 /* PBXContainerItemProxy */;
		};
/* End PBXTargetDependency section */

/* Begin PBXVariantGroup section */
		1F7201A01D7AF70E005A5F17 /* Main.storyboard */ = {
			isa = PBXVariantGroup;
			children = (
				1F7201A11D7AF70E005A5F17 /* Base */,
			);
			name = Main.storyboard;
			sourceTree = "<group>";
		};
		1F7201A51D7AF70E005A5F17 /* LaunchScreen.storyboard */ = {
			isa = PBXVariantGroup;
			children = (
				1F7201A61D7AF70E005A5F17 /* Base */,
			);
			name = LaunchScreen.storyboard;
			sourceTree = "<group>";
		};
/* End PBXVariantGroup section */

/* Begin XCBuildConfiguration section */
		1F7201B41D7AF70F005A5F17 /* Debug */ = {
			isa = XCBuildConfiguration;
			buildSettings = {
				ALWAYS_SEARCH_USER_PATHS = NO;
				CLANG_ANALYZER_NONNULL = YES;
				CLANG_CXX_LANGUAGE_STANDARD = "gnu++0x";
				CLANG_CXX_LIBRARY = "libc++";
				CLANG_ENABLE_MODULES = YES;
				CLANG_ENABLE_OBJC_ARC = YES;
				CLANG_WARN_BOOL_CONVERSION = YES;
				CLANG_WARN_CONSTANT_CONVERSION = YES;
				CLANG_WARN_DIRECT_OBJC_ISA_USAGE = YES_ERROR;
				CLANG_WARN_EMPTY_BODY = YES;
				CLANG_WARN_ENUM_CONVERSION = YES;
				CLANG_WARN_INT_CONVERSION = YES;
				CLANG_WARN_OBJC_ROOT_CLASS = YES_ERROR;
				CLANG_WARN_UNREACHABLE_CODE = YES;
				CLANG_WARN__DUPLICATE_METHOD_MATCH = YES;
				"CODE_SIGN_IDENTITY[sdk=iphoneos*]" = "iPhone Developer";
				COPY_PHASE_STRIP = NO;
				DEBUG_INFORMATION_FORMAT = dwarf;
				ENABLE_STRICT_OBJC_MSGSEND = YES;
				ENABLE_TESTABILITY = YES;
				GCC_C_LANGUAGE_STANDARD = gnu99;
				GCC_DYNAMIC_NO_PIC = NO;
				GCC_NO_COMMON_BLOCKS = YES;
				GCC_OPTIMIZATION_LEVEL = 0;
				GCC_PREPROCESSOR_DEFINITIONS = (
					"DEBUG=1",
					"$(inherited)",
				);
				GCC_WARN_64_TO_32_BIT_CONVERSION = YES;
				GCC_WARN_ABOUT_RETURN_TYPE = YES_ERROR;
				GCC_WARN_UNDECLARED_SELECTOR = YES;
				GCC_WARN_UNINITIALIZED_AUTOS = YES_AGGRESSIVE;
				GCC_WARN_UNUSED_FUNCTION = YES;
				GCC_WARN_UNUSED_VARIABLE = YES;
				IPHONEOS_DEPLOYMENT_TARGET = 9.3;
				MTL_ENABLE_DEBUG_INFO = YES;
				ONLY_ACTIVE_ARCH = YES;
				SDKROOT = iphoneos;
				SWIFT_OPTIMIZATION_LEVEL = "-Onone";
			};
			name = Debug;
		};
		1F7201B51D7AF70F005A5F17 /* Release */ = {
			isa = XCBuildConfiguration;
			buildSettings = {
				ALWAYS_SEARCH_USER_PATHS = NO;
				CLANG_ANALYZER_NONNULL = YES;
				CLANG_CXX_LANGUAGE_STANDARD = "gnu++0x";
				CLANG_CXX_LIBRARY = "libc++";
				CLANG_ENABLE_MODULES = YES;
				CLANG_ENABLE_OBJC_ARC = YES;
				CLANG_WARN_BOOL_CONVERSION = YES;
				CLANG_WARN_CONSTANT_CONVERSION = YES;
				CLANG_WARN_DIRECT_OBJC_ISA_USAGE = YES_ERROR;
				CLANG_WARN_EMPTY_BODY = YES;
				CLANG_WARN_ENUM_CONVERSION = YES;
				CLANG_WARN_INT_CONVERSION = YES;
				CLANG_WARN_OBJC_ROOT_CLASS = YES_ERROR;
				CLANG_WARN_UNREACHABLE_CODE = YES;
				CLANG_WARN__DUPLICATE_METHOD_MATCH = YES;
				"CODE_SIGN_IDENTITY[sdk=iphoneos*]" = "iPhone Developer";
				COPY_PHASE_STRIP = NO;
				DEBUG_INFORMATION_FORMAT = "dwarf-with-dsym";
				ENABLE_NS_ASSERTIONS = NO;
				ENABLE_STRICT_OBJC_MSGSEND = YES;
				GCC_C_LANGUAGE_STANDARD = gnu99;
				GCC_NO_COMMON_BLOCKS = YES;
				GCC_WARN_64_TO_32_BIT_CONVERSION = YES;
				GCC_WARN_ABOUT_RETURN_TYPE = YES_ERROR;
				GCC_WARN_UNDECLARED_SELECTOR = YES;
				GCC_WARN_UNINITIALIZED_AUTOS = YES_AGGRESSIVE;
				GCC_WARN_UNUSED_FUNCTION = YES;
				GCC_WARN_UNUSED_VARIABLE = YES;
				IPHONEOS_DEPLOYMENT_TARGET = 9.3;
				MTL_ENABLE_DEBUG_INFO = NO;
				SDKROOT = iphoneos;
				VALIDATE_PRODUCT = YES;
			};
			name = Release;
		};
		1F7201B71D7AF70F005A5F17 /* Debug */ = {
			isa = XCBuildConfiguration;
			buildSettings = {
				ASSETCATALOG_COMPILER_APPICON_NAME = AppIcon;
				INFOPLIST_FILE = CustomizedViewUsingXib/Info.plist;
				LD_RUNPATH_SEARCH_PATHS = "$(inherited) @executable_path/Frameworks";
				PRODUCT_BUNDLE_IDENTIFIER = com.bruceli.CustomizedViewUsingXib;
				PRODUCT_NAME = "$(TARGET_NAME)";
			};
			name = Debug;
		};
		1F7201B81D7AF70F005A5F17 /* Release */ = {
			isa = XCBuildConfiguration;
			buildSettings = {
				ASSETCATALOG_COMPILER_APPICON_NAME = AppIcon;
				INFOPLIST_FILE = CustomizedViewUsingXib/Info.plist;
				LD_RUNPATH_SEARCH_PATHS = "$(inherited) @executable_path/Frameworks";
				PRODUCT_BUNDLE_IDENTIFIER = com.bruceli.CustomizedViewUsingXib;
				PRODUCT_NAME = "$(TARGET_NAME)";
			};
			name = Release;
		};
		1F7201BA1D7AF70F005A5F17 /* Debug */ = {
			isa = XCBuildConfiguration;
			buildSettings = {
				BUNDLE_LOADER = "$(TEST_HOST)";
				INFOPLIST_FILE = CustomizedViewUsingXibTests/Info.plist;
				LD_RUNPATH_SEARCH_PATHS = "$(inherited) @executable_path/Frameworks @loader_path/Frameworks";
				PRODUCT_BUNDLE_IDENTIFIER = com.bruceli.CustomizedViewUsingXibTests;
				PRODUCT_NAME = "$(TARGET_NAME)";
				TEST_HOST = "$(BUILT_PRODUCTS_DIR)/CustomizedViewUsingXib.app/CustomizedViewUsingXib";
			};
			name = Debug;
		};
		1F7201BB1D7AF70F005A5F17 /* Release */ = {
			isa = XCBuildConfiguration;
			buildSettings = {
				BUNDLE_LOADER = "$(TEST_HOST)";
				INFOPLIST_FILE = CustomizedViewUsingXibTests/Info.plist;
				LD_RUNPATH_SEARCH_PATHS = "$(inherited) @executable_path/Frameworks @loader_path/Frameworks";
				PRODUCT_BUNDLE_IDENTIFIER = com.bruceli.CustomizedViewUsingXibTests;
				PRODUCT_NAME = "$(TARGET_NAME)";
				TEST_HOST = "$(BUILT_PRODUCTS_DIR)/CustomizedViewUsingXib.app/CustomizedViewUsingXib";
			};
			name = Release;
		};
/* End XCBuildConfiguration section */

/* Begin XCConfigurationList section */
		1F7201941D7AF70E005A5F17 /* Build configuration list for PBXProject "CustomizedViewUsingXib" */ = {
			isa = XCConfigurationList;
			buildConfigurations = (
				1F7201B41D7AF70F005A5F17 /* Debug */,
				1F7201B51D7AF70F005A5F17 /* Release */,
			);
			defaultConfigurationIsVisible = 0;
			defaultConfigurationName = Release;
		};
		1F7201B61D7AF70F005A5F17 /* Build configuration list for PBXNativeTarget "CustomizedViewUsingXib" */ = {
			isa = XCConfigurationList;
			buildConfigurations = (
				1F7201B71D7AF70F005A5F17 /* Debug */,
				1F7201B81D7AF70F005A5F17 /* Release */,
			);
			defaultConfigurationIsVisible = 0;
		};
		1F7201B91D7AF70F005A5F17 /* Build configuration list for PBXNativeTarget "CustomizedViewUsingXibTests" */ = {
			isa = XCConfigurationList;
			buildConfigurations = (
				1F7201BA1D7AF70F005A5F17 /* Debug */,
				1F7201BB1D7AF70F005A5F17 /* Release */,
			);
			defaultConfigurationIsVisible = 0;
		};
/* End XCConfigurationList section */
	};
	rootObject = 1F7201911D7AF70E005A5F17 /* Project object */;
}
